
Microsoft Visual Studio Solution File, Format Version 12.00
# Visual Studio Version 17
VisualStudioVersion = 17.11.35312.102
MinimumVisualStudioVersion = 10.0.40219.1
Project("{FAE04EC0-301F-11D3-BF4B-00C04F79EFBC}") = "CIS3285_Unit4_StudentMVC_2024", "CIS3285_Unit4_StudentMVC_2024\CIS3285_Unit4_StudentMVC_2024.csproj", "{2DDEB2B3-3947-4D31-9C9E-0A78340F00A2}"
EndProject
Global
	GlobalSection(SolutionConfigurationPlatforms) = preSolution
		Debug|Any CPU = Debug|Any CPU
		Release|Any CPU = Release|Any CPU
	EndGlobalSection
	GlobalSection(ProjectConfigurationPlatforms) = postSolution
		{2DDEB2B3-3947-4D31-9C9E-0A78340F00A2}.Debug|Any CPU.ActiveCfg = Debug|Any CPU
		{2DDEB2B3-3947-4D31-9C9E-0A78340F00A2}.Debug|Any CPU.Build.0 = Debug|Any CPU
		{2DDEB2B3-3947-4D31-9C9E-0A78340F00A2}.Release|Any CPU.ActiveCfg = Release|Any CPU
		{2DDEB2B3-3947-4D31-9C9E-0A78340F00A2}.Release|Any CPU.Build.0 = Release|Any CPU
	EndGlobalSection
	GlobalSection(SolutionProperties) = preSolution
		HideSolutionNode = FALSE
	EndGlobalSection
	GlobalSection(ExtensibilityGlobals) = postSolution
		SolutionGuid = {F6C3CA44-D79F-4411-BB37-05927A661C10}
	EndGlobalSection
EndGlobal
